{
  "name": "foo",
  "lockfileVersion": 2,
  "requires": true,
  "packages": {
    "": {
      "name": "foo",
      "dependencies": {
        "a-vitest-test-modulea": "^1.0.2"
      }
    },
    "node_modules/a-vitest-test-modulea": {
      "version": "1.0.2",
      "resolved": "https://registry.npmjs.org/a-vitest-test-modulea/-/a-vitest-test-modulea-1.0.2.tgz",
      "integrity": "sha512-/X9JVD+dOhqw8bdy3PIqH7CR0LAHApEkyyKfmuGUfV7+WxM92pNpEZdU0zpdYEbvJGdZ1ErVfxxy07vRSlk5Tg==",
      "dependencies": {
        "a-vitest-test-moduleb": "1.0.1",
        "a-vitest-test-modulec": "1.0.1"
      }
    },
    "node_modules/a-vitest-test-moduleb": {
      "version": "1.0.1",
      "resolved": "https://registry.npmjs.org/a-vitest-test-moduleb/-/a-vitest-test-moduleb-1.0.1.tgz",
      "integrity": "sha512-0rr+dUmp2SdhO03CeGUeg/PLJe5/x2LfJgHO2l9mooskaDDYyh7p2Ah+qyJueO3h9n0p4FhEfKiO/H3L6fMsYw=="
    },
    "node_modules/a-vitest-test-modulec": {
      "version": "1.0.1",
      "resolved": "https://registry.npmjs.org/a-vitest-test-modulec/-/a-vitest-test-modulec-1.0.1.tgz",
      "integrity": "sha512-ezQg2cPuvc0gfkxwpGUdXtUaCP15xVVS6h0Nix8U1wYmzlNJ4FGqfYv/Cxmc+V+jVslqxDKtSs13fty/6ihB7Q=="
    }
  },
  "dependencies": {
    "a-vitest-test-modulea": {
      "version": "1.0.2",
      "resolved": "https://registry.npmjs.org/a-vitest-test-modulea/-/a-vitest-test-modulea-1.0.2.tgz",
      "integrity": "sha512-/X9JVD+dOhqw8bdy3PIqH7CR0LAHApEkyyKfmuGUfV7+WxM92pNpEZdU0zpdYEbvJGdZ1ErVfxxy07vRSlk5Tg==",
      "requires": {
        "a-vitest-test-moduleb": "1.0.1",
        "a-vitest-test-modulec": "1.0.1"
      }
    },
    "a-vitest-test-moduleb": {
      "version": "1.0.1",
      "resolved": "https://registry.npmjs.org/a-vitest-test-moduleb/-/a-vitest-test-moduleb-1.0.1.tgz",
      "integrity": "sha512-0rr+dUmp2SdhO03CeGUeg/PLJe5/x2LfJgHO2l9mooskaDDYyh7p2Ah+qyJueO3h9n0p4FhEfKiO/H3L6fMsYw=="
    },
    "a-vitest-test-modulec": {
      "version": "1.0.1",
      "resolved": "https://registry.npmjs.org/a-vitest-test-modulec/-/a-vitest-test-modulec-1.0.1.tgz",
      "integrity": "sha512-ezQg2cPuvc0gfkxwpGUdXtUaCP15xVVS6h0Nix8U1wYmzlNJ4FGqfYv/Cxmc+V+jVslqxDKtSs13fty/6ihB7Q=="
    }
  }
}
